// !$*UTF8*$!
{
	archiveVersion = 1;
	classes = {
	};
	objectVersion = 56;
	objects = {

/* Begin PBXBuildFile section */
		BE2848D72C00B7D800D5E817 /* AppDelegate.swift in Sources */ = {isa = PBXBuildFile; fileRef = BE2848D62C00B7D800D5E817 /* AppDelegate.swift */; };
		BE2848D92C00B7D800D5E817 /* SceneDelegate.swift in Sources */ = {isa = PBXBuildFile; fileRef = BE2848D82C00B7D800D5E817 /* SceneDelegate.swift */; };
		BE2848DB2C00B7D800D5E817 /* MagazineViewController.swift in Sources */ = {isa = PBXBuildFile; fileRef = BE2848DA2C00B7D800D5E817 /* MagazineViewController.swift */; };
		BE2848DE2C00B7D800D5E817 /* Base in Resources */ = {isa = PBXBuildFile; fileRef = BE2848DD2C00B7D800D5E817 /* Base */; };
		BE2848E02C00B7DB00D5E817 /* Assets.xcassets in Resources */ = {isa = PBXBuildFile; fileRef = BE2848DF2C00B7DB00D5E817 /* Assets.xcassets */; };
		BE2848E32C00B7DB00D5E817 /* Base in Resources */ = {isa = PBXBuildFile; fileRef = BE2848E22C00B7DB00D5E817 /* Base */; };
		BE2848ED2C00B85C00D5E817 /* Magazine.swift in Sources */ = {isa = PBXBuildFile; fileRef = BE2848EC2C00B85C00D5E817 /* Magazine.swift */; };
		BE2848F22C00C08400D5E817 /* MagazineTableViewCell.swift in Sources */ = {isa = PBXBuildFile; fileRef = BE2848F12C00C08400D5E817 /* MagazineTableViewCell.swift */; };
		BE2849182C00C26400D5E817 /* Restaurant.swift in Sources */ = {isa = PBXBuildFile; fileRef = BE2849172C00C26400D5E817 /* Restaurant.swift */; };
		BE28491A2C00C48800D5E817 /* RestaurantListViewController.swift in Sources */ = {isa = PBXBuildFile; fileRef = BE2849192C00C48800D5E817 /* RestaurantListViewController.swift */; };
		BE28491C2C00C4E300D5E817 /* RestaurantTableViewCell.swift in Sources */ = {isa = PBXBuildFile; fileRef = BE28491B2C00C4E300D5E817 /* RestaurantTableViewCell.swift */; };
		BE2AFB1A2C4A680600C6718C /* ChatListCollectionView.swift in Sources */ = {isa = PBXBuildFile; fileRef = BE2AFB192C4A680600C6718C /* ChatListCollectionView.swift */; };
		BE8B34BD2C0465B9002F7020 /* UIViewController+.swift in Sources */ = {isa = PBXBuildFile; fileRef = BE8B34BC2C0465B9002F7020 /* UIViewController+.swift */; };
		BE8B34BF2C049E9D002F7020 /* Travel.swift in Sources */ = {isa = PBXBuildFile; fileRef = BE8B34BE2C049E9D002F7020 /* Travel.swift */; };
		BE8B34C12C049F50002F7020 /* TravelViewController.swift in Sources */ = {isa = PBXBuildFile; fileRef = BE8B34C02C049F50002F7020 /* TravelViewController.swift */; };
		BE8B34C42C04A020002F7020 /* TravelTableViewItemCell.swift in Sources */ = {isa = PBXBuildFile; fileRef = BE8B34C22C04A020002F7020 /* TravelTableViewItemCell.swift */; };
		BE8B34C82C04A040002F7020 /* TravelTableViewADCell.swift in Sources */ = {isa = PBXBuildFile; fileRef = BE8B34C62C04A040002F7020 /* TravelTableViewADCell.swift */; };
		BE8B34C92C04A040002F7020 /* TravelTableViewADCell.xib in Resources */ = {isa = PBXBuildFile; fileRef = BE8B34C72C04A040002F7020 /* TravelTableViewADCell.xib */; };
		BEA3B55C2C0C06A4004383BB /* ChatListViewController.swift in Sources */ = {isa = PBXBuildFile; fileRef = BEA3B55B2C0C06A4004383BB /* ChatListViewController.swift */; };
		BEA3B55E2C0C06F0004383BB /* ChatRoomViewController.swift in Sources */ = {isa = PBXBuildFile; fileRef = BEA3B55D2C0C06F0004383BB /* ChatRoomViewController.swift */; };
		BEA3B5602C0C07A0004383BB /* Chat.swift in Sources */ = {isa = PBXBuildFile; fileRef = BEA3B55F2C0C07A0004383BB /* Chat.swift */; };
		BEA3B5642C0C90BB004383BB /* Searchable.swift in Sources */ = {isa = PBXBuildFile; fileRef = BEA3B5632C0C90BB004383BB /* Searchable.swift */; };
		BEA3B5662C0C95A6004383BB /* User.swift in Sources */ = {isa = PBXBuildFile; fileRef = BEA3B5652C0C95A6004383BB /* User.swift */; };
		BEA3B5682C0C95CB004383BB /* ChatRoom.swift in Sources */ = {isa = PBXBuildFile; fileRef = BEA3B5672C0C95CB004383BB /* ChatRoom.swift */; };
		BEA3B56A2C0C9657004383BB /* ChatRoomTVLeadingCell.swift in Sources */ = {isa = PBXBuildFile; fileRef = BEA3B5692C0C9657004383BB /* ChatRoomTVLeadingCell.swift */; };
		BEA3B56C2C0C967E004383BB /* ChatRoomTVTrailingCell.swift in Sources */ = {isa = PBXBuildFile; fileRef = BEA3B56B2C0C967E004383BB /* ChatRoomTVTrailingCell.swift */; };
		BEA3B56E2C0C98F3004383BB /* ChatRoomTableViewCell.swift in Sources */ = {isa = PBXBuildFile; fileRef = BEA3B56D2C0C98F3004383BB /* ChatRoomTableViewCell.swift */; };
		BEC30A232C086FE400501151 /* MapViewController.swift in Sources */ = {isa = PBXBuildFile; fileRef = BEC30A222C086FE300501151 /* MapViewController.swift */; };
		BEC30A252C087F9600501151 /* CLLocationCoordinate2D+.swift in Sources */ = {isa = PBXBuildFile; fileRef = BEC30A242C087F9600501151 /* CLLocationCoordinate2D+.swift */; };
		BEC30A282C08D39100501151 /* Categorizable.swift in Sources */ = {isa = PBXBuildFile; fileRef = BEC30A272C08D39100501151 /* Categorizable.swift */; };
		BECE59952C0600D200CFC442 /* TravelTableViewCell.swift in Sources */ = {isa = PBXBuildFile; fileRef = BECE59942C0600D200CFC442 /* TravelTableViewCell.swift */; };
		BECE59A12C0611A100CFC442 /* DateFormat.swift in Sources */ = {isa = PBXBuildFile; fileRef = BECE59A02C0611A100CFC442 /* DateFormat.swift */; };
		BED7044C2C07374800159680 /* TravelDetailViewController.swift in Sources */ = {isa = PBXBuildFile; fileRef = BED7044B2C07374800159680 /* TravelDetailViewController.swift */; };
		BED7044E2C0737FD00159680 /* ADViewController.swift in Sources */ = {isa = PBXBuildFile; fileRef = BED7044D2C0737FD00159680 /* ADViewController.swift */; };
		BED704502C0756EA00159680 /* TravelTableViewItemCell.xib in Resources */ = {isa = PBXBuildFile; fileRef = BED7044F2C0756EA00159680 /* TravelTableViewItemCell.xib */; };
		BED704522C07609E00159680 /* City.swift in Sources */ = {isa = PBXBuildFile; fileRef = BED704512C07609E00159680 /* City.swift */; };
		BED704552C07627F00159680 /* CityViewController.swift in Sources */ = {isa = PBXBuildFile; fileRef = BED704542C07627F00159680 /* CityViewController.swift */; };
		BED704572C0762C000159680 /* CityTableViewCell.swift in Sources */ = {isa = PBXBuildFile; fileRef = BED704562C0762C000159680 /* CityTableViewCell.swift */; };
		BEF281802C05DFDC009EDF7E /* ReuseIdentifiable.swift in Sources */ = {isa = PBXBuildFile; fileRef = BEF2817F2C05DFDC009EDF7E /* ReuseIdentifiable.swift */; };
		BEF281872C05FCFE009EDF7E /* Kingfisher in Frameworks */ = {isa = PBXBuildFile; productRef = BEF281862C05FCFE009EDF7E /* Kingfisher */; };
/* End PBXBuildFile section */

/* Begin PBXFileReference section */
		BE2848D32C00B7D800D5E817 /* SeSac_0524_TravelMagazine.app */ = {isa = PBXFileReference; explicitFileType = wrapper.application; includeInIndex = 0; path = SeSac_0524_TravelMagazine.app; sourceTree = BUILT_PRODUCTS_DIR; };
		BE2848D62C00B7D800D5E817 /* AppDelegate.swift */ = {isa = PBXFileReference; lastKnownFileType = sourcecode.swift; path = AppDelegate.swift; sourceTree = "<group>"; };
		BE2848D82C00B7D800D5E817 /* SceneDelegate.swift */ = {isa = PBXFileReference; lastKnownFileType = sourcecode.swift; path = SceneDelegate.swift; sourceTree = "<group>"; };
		BE2848DA2C00B7D800D5E817 /* MagazineViewController.swift */ = {isa = PBXFileReference; lastKnownFileType = sourcecode.swift; path = MagazineViewController.swift; sourceTree = "<group>"; };
		BE2848DD2C00B7D800D5E817 /* Base */ = {isa = PBXFileReference; lastKnownFileType = file.storyboard; name = Base; path = Base.lproj/Main.storyboard; sourceTree = "<group>"; };
		BE2848DF2C00B7DB00D5E817 /* Assets.xcassets */ = {isa = PBXFileReference; lastKnownFileType = folder.assetcatalog; path = Assets.xcassets; sourceTree = "<group>"; };
		BE2848E22C00B7DB00D5E817 /* Base */ = {isa = PBXFileReference; lastKnownFileType = file.storyboard; name = Base; path = Base.lproj/LaunchScreen.storyboard; sourceTree = "<group>"; };
		BE2848E42C00B7DB00D5E817 /* Info.plist */ = {isa = PBXFileReference; lastKnownFileType = text.plist.xml; path = Info.plist; sourceTree = "<group>"; };
		BE2848EC2C00B85C00D5E817 /* Magazine.swift */ = {isa = PBXFileReference; lastKnownFileType = sourcecode.swift; path = Magazine.swift; sourceTree = "<group>"; };
		BE2848F12C00C08400D5E817 /* MagazineTableViewCell.swift */ = {isa = PBXFileReference; lastKnownFileType = sourcecode.swift; path = MagazineTableViewCell.swift; sourceTree = "<group>"; };
		BE2849172C00C26400D5E817 /* Restaurant.swift */ = {isa = PBXFileReference; fileEncoding = 4; lastKnownFileType = sourcecode.swift; path = Restaurant.swift; sourceTree = "<group>"; };
		BE2849192C00C48800D5E817 /* RestaurantListViewController.swift */ = {isa = PBXFileReference; lastKnownFileType = sourcecode.swift; path = RestaurantListViewController.swift; sourceTree = "<group>"; };
		BE28491B2C00C4E300D5E817 /* RestaurantTableViewCell.swift */ = {isa = PBXFileReference; lastKnownFileType = sourcecode.swift; path = RestaurantTableViewCell.swift; sourceTree = "<group>"; };
		BE2AFB192C4A680600C6718C /* ChatListCollectionView.swift */ = {isa = PBXFileReference; lastKnownFileType = sourcecode.swift; path = ChatListCollectionView.swift; sourceTree = "<group>"; };
		BE8B34BC2C0465B9002F7020 /* UIViewController+.swift */ = {isa = PBXFileReference; lastKnownFileType = sourcecode.swift; path = "UIViewController+.swift"; sourceTree = "<group>"; };
		BE8B34BE2C049E9D002F7020 /* Travel.swift */ = {isa = PBXFileReference; lastKnownFileType = sourcecode.swift; path = Travel.swift; sourceTree = "<group>"; };
		BE8B34C02C049F50002F7020 /* TravelViewController.swift */ = {isa = PBXFileReference; lastKnownFileType = sourcecode.swift; path = TravelViewController.swift; sourceTree = "<group>"; };
		BE8B34C22C04A020002F7020 /* TravelTableViewItemCell.swift */ = {isa = PBXFileReference; lastKnownFileType = sourcecode.swift; path = TravelTableViewItemCell.swift; sourceTree = "<group>"; };
		BE8B34C62C04A040002F7020 /* TravelTableViewADCell.swift */ = {isa = PBXFileReference; lastKnownFileType = sourcecode.swift; path = TravelTableViewADCell.swift; sourceTree = "<group>"; };
		BE8B34C72C04A040002F7020 /* TravelTableViewADCell.xib */ = {isa = PBXFileReference; lastKnownFileType = file.xib; path = TravelTableViewADCell.xib; sourceTree = "<group>"; };
		BEA3B55B2C0C06A4004383BB /* ChatListViewController.swift */ = {isa = PBXFileReference; lastKnownFileType = sourcecode.swift; path = ChatListViewController.swift; sourceTree = "<group>"; };
		BEA3B55D2C0C06F0004383BB /* ChatRoomViewController.swift */ = {isa = PBXFileReference; lastKnownFileType = sourcecode.swift; path = ChatRoomViewController.swift; sourceTree = "<group>"; };
		BEA3B55F2C0C07A0004383BB /* Chat.swift */ = {isa = PBXFileReference; fileEncoding = 4; lastKnownFileType = sourcecode.swift; path = Chat.swift; sourceTree = "<group>"; };
		BEA3B5632C0C90BB004383BB /* Searchable.swift */ = {isa = PBXFileReference; lastKnownFileType = sourcecode.swift; path = Searchable.swift; sourceTree = "<group>"; };
		BEA3B5652C0C95A6004383BB /* User.swift */ = {isa = PBXFileReference; lastKnownFileType = sourcecode.swift; path = User.swift; sourceTree = "<group>"; };
		BEA3B5672C0C95CB004383BB /* ChatRoom.swift */ = {isa = PBXFileReference; lastKnownFileType = sourcecode.swift; path = ChatRoom.swift; sourceTree = "<group>"; };
		BEA3B5692C0C9657004383BB /* ChatRoomTVLeadingCell.swift */ = {isa = PBXFileReference; lastKnownFileType = sourcecode.swift; path = ChatRoomTVLeadingCell.swift; sourceTree = "<group>"; };
		BEA3B56B2C0C967E004383BB /* ChatRoomTVTrailingCell.swift */ = {isa = PBXFileReference; lastKnownFileType = sourcecode.swift; path = ChatRoomTVTrailingCell.swift; sourceTree = "<group>"; };
		BEA3B56D2C0C98F3004383BB /* ChatRoomTableViewCell.swift */ = {isa = PBXFileReference; lastKnownFileType = sourcecode.swift; path = ChatRoomTableViewCell.swift; sourceTree = "<group>"; };
		BEC30A222C086FE300501151 /* MapViewController.swift */ = {isa = PBXFileReference; lastKnownFileType = sourcecode.swift; path = MapViewController.swift; sourceTree = "<group>"; };
		BEC30A242C087F9600501151 /* CLLocationCoordinate2D+.swift */ = {isa = PBXFileReference; lastKnownFileType = sourcecode.swift; path = "CLLocationCoordinate2D+.swift"; sourceTree = "<group>"; };
		BEC30A272C08D39100501151 /* Categorizable.swift */ = {isa = PBXFileReference; lastKnownFileType = sourcecode.swift; path = Categorizable.swift; sourceTree = "<group>"; };
		BECE59942C0600D200CFC442 /* TravelTableViewCell.swift */ = {isa = PBXFileReference; lastKnownFileType = sourcecode.swift; path = TravelTableViewCell.swift; sourceTree = "<group>"; };
		BECE59A02C0611A100CFC442 /* DateFormat.swift */ = {isa = PBXFileReference; lastKnownFileType = sourcecode.swift; path = DateFormat.swift; sourceTree = "<group>"; };
		BED7044B2C07374800159680 /* TravelDetailViewController.swift */ = {isa = PBXFileReference; lastKnownFileType = sourcecode.swift; path = TravelDetailViewController.swift; sourceTree = "<group>"; };
		BED7044D2C0737FD00159680 /* ADViewController.swift */ = {isa = PBXFileReference; lastKnownFileType = sourcecode.swift; path = ADViewController.swift; sourceTree = "<group>"; };
		BED7044F2C0756EA00159680 /* TravelTableViewItemCell.xib */ = {isa = PBXFileReference; fileEncoding = 4; lastKnownFileType = file.xib; path = TravelTableViewItemCell.xib; sourceTree = "<group>"; };
		BED704512C07609E00159680 /* City.swift */ = {isa = PBXFileReference; fileEncoding = 4; lastKnownFileType = sourcecode.swift; path = City.swift; sourceTree = "<group>"; };
		BED704542C07627F00159680 /* CityViewController.swift */ = {isa = PBXFileReference; lastKnownFileType = sourcecode.swift; path = CityViewController.swift; sourceTree = "<group>"; };
		BED704562C0762C000159680 /* CityTableViewCell.swift */ = {isa = PBXFileReference; lastKnownFileType = sourcecode.swift; path = CityTableViewCell.swift; sourceTree = "<group>"; };
		BEF2817F2C05DFDC009EDF7E /* ReuseIdentifiable.swift */ = {isa = PBXFileReference; fileEncoding = 4; lastKnownFileType = sourcecode.swift; path = ReuseIdentifiable.swift; sourceTree = "<group>"; };
/* End PBXFileReference section */

/* Begin PBXFrameworksBuildPhase section */
		BE2848D02C00B7D800D5E817 /* Frameworks */ = {
			isa = PBXFrameworksBuildPhase;
			buildActionMask = 2147483647;
			files = (
				BEF281872C05FCFE009EDF7E /* Kingfisher in Frameworks */,
			);
			runOnlyForDeploymentPostprocessing = 0;
		};
/* End PBXFrameworksBuildPhase section */

/* Begin PBXGroup section */
		BE2848CA2C00B7D800D5E817 = {
			isa = PBXGroup;
			children = (
				BE2848D52C00B7D800D5E817 /* SeSac_0524_TravelMagazine */,
				BE2848D42C00B7D800D5E817 /* Products */,
			);
			sourceTree = "<group>";
		};
		BE2848D42C00B7D800D5E817 /* Products */ = {
			isa = PBXGroup;
			children = (
				BE2848D32C00B7D800D5E817 /* SeSac_0524_TravelMagazine.app */,
			);
			name = Products;
			sourceTree = "<group>";
		};
		BE2848D52C00B7D800D5E817 /* SeSac_0524_TravelMagazine */ = {
			isa = PBXGroup;
			children = (
				BE28491D2C00EEFE00D5E817 /* App */,
				BE28491E2C00EF0700D5E817 /* View */,
				BE28491F2C00EF1900D5E817 /* Model */,
				BE2849202C00EF4600D5E817 /* Utility */,
				BE2849212C00EF5700D5E817 /* Resources */,
			);
			path = SeSac_0524_TravelMagazine;
			sourceTree = "<group>";
		};
		BE28491D2C00EEFE00D5E817 /* App */ = {
			isa = PBXGroup;
			children = (
				BE2848D62C00B7D800D5E817 /* AppDelegate.swift */,
				BE2848D82C00B7D800D5E817 /* SceneDelegate.swift */,
			);
			path = App;
			sourceTree = "<group>";
		};
		BE28491E2C00EF0700D5E817 /* View */ = {
			isa = PBXGroup;
			children = (
				BECE599D2C0604FD00CFC442 /* Magazine */,
				BECE599C2C0604F800CFC442 /* Restaurant */,
				BECE599B2C0604F500CFC442 /* Travel */,
				BED704532C07626900159680 /* City */,
				BEA3B55A2C0C0443004383BB /* Chat */,
			);
			path = View;
			sourceTree = "<group>";
		};
		BE28491F2C00EF1900D5E817 /* Model */ = {
			isa = PBXGroup;
			children = (
				BE2848EC2C00B85C00D5E817 /* Magazine.swift */,
				BE2849172C00C26400D5E817 /* Restaurant.swift */,
				BE8B34BE2C049E9D002F7020 /* Travel.swift */,
				BED704512C07609E00159680 /* City.swift */,
				BEA3B55F2C0C07A0004383BB /* Chat.swift */,
				BEA3B5672C0C95CB004383BB /* ChatRoom.swift */,
				BEA3B5652C0C95A6004383BB /* User.swift */,
			);
			path = Model;
			sourceTree = "<group>";
		};
		BE2849202C00EF4600D5E817 /* Utility */ = {
			isa = PBXGroup;
			children = (
				BEF2817E2C05DFAD009EDF7E /* Extension */,
			);
			path = Utility;
			sourceTree = "<group>";
		};
		BE2849212C00EF5700D5E817 /* Resources */ = {
			isa = PBXGroup;
			children = (
				BE2848DC2C00B7D800D5E817 /* Main.storyboard */,
				BE2848DF2C00B7DB00D5E817 /* Assets.xcassets */,
				BE2848E12C00B7DB00D5E817 /* LaunchScreen.storyboard */,
				BE2848E42C00B7DB00D5E817 /* Info.plist */,
			);
			path = Resources;
			sourceTree = "<group>";
		};
		BEA3B55A2C0C0443004383BB /* Chat */ = {
			isa = PBXGroup;
			children = (
				BEA3B55B2C0C06A4004383BB /* ChatListViewController.swift */,
				BE2AFB192C4A680600C6718C /* ChatListCollectionView.swift */,
				BEA3B55D2C0C06F0004383BB /* ChatRoomViewController.swift */,
				BEA3B56D2C0C98F3004383BB /* ChatRoomTableViewCell.swift */,
				BEA3B5692C0C9657004383BB /* ChatRoomTVLeadingCell.swift */,
				BEA3B56B2C0C967E004383BB /* ChatRoomTVTrailingCell.swift */,
			);
			path = Chat;
			sourceTree = "<group>";
		};
		BECE599B2C0604F500CFC442 /* Travel */ = {
			isa = PBXGroup;
			children = (
				BE8B34C02C049F50002F7020 /* TravelViewController.swift */,
				BED7044B2C07374800159680 /* TravelDetailViewController.swift */,
				BED7044D2C0737FD00159680 /* ADViewController.swift */,
				BECE599E2C06050F00CFC442 /* Cell */,
			);
			path = Travel;
			sourceTree = "<group>";
		};
		BECE599C2C0604F800CFC442 /* Restaurant */ = {
			isa = PBXGroup;
			children = (
				BE2849192C00C48800D5E817 /* RestaurantListViewController.swift */,
				BE28491B2C00C4E300D5E817 /* RestaurantTableViewCell.swift */,
				BEC30A222C086FE300501151 /* MapViewController.swift */,
			);
			path = Restaurant;
			sourceTree = "<group>";
		};
		BECE599D2C0604FD00CFC442 /* Magazine */ = {
			isa = PBXGroup;
			children = (
				BE2848DA2C00B7D800D5E817 /* MagazineViewController.swift */,
				BE2848F12C00C08400D5E817 /* MagazineTableViewCell.swift */,
			);
			path = Magazine;
			sourceTree = "<group>";
		};
		BECE599E2C06050F00CFC442 /* Cell */ = {
			isa = PBXGroup;
			children = (
				BECE59942C0600D200CFC442 /* TravelTableViewCell.swift */,
				BE8B34C22C04A020002F7020 /* TravelTableViewItemCell.swift */,
				BED7044F2C0756EA00159680 /* TravelTableViewItemCell.xib */,
				BE8B34C62C04A040002F7020 /* TravelTableViewADCell.swift */,
				BE8B34C72C04A040002F7020 /* TravelTableViewADCell.xib */,
			);
			path = Cell;
			sourceTree = "<group>";
		};
		BED704532C07626900159680 /* City */ = {
			isa = PBXGroup;
			children = (
				BED704542C07627F00159680 /* CityViewController.swift */,
				BED704562C0762C000159680 /* CityTableViewCell.swift */,
			);
			path = City;
			sourceTree = "<group>";
		};
		BEF2817E2C05DFAD009EDF7E /* Extension */ = {
			isa = PBXGroup;
			children = (
				BEC30A272C08D39100501151 /* Categorizable.swift */,
				BEA3B5632C0C90BB004383BB /* Searchable.swift */,
				BECE59A02C0611A100CFC442 /* DateFormat.swift */,
				BEF2817F2C05DFDC009EDF7E /* ReuseIdentifiable.swift */,
				BE8B34BC2C0465B9002F7020 /* UIViewController+.swift */,
				BEC30A242C087F9600501151 /* CLLocationCoordinate2D+.swift */,
			);
			path = Extension;
			sourceTree = "<group>";
		};
/* End PBXGroup section */

/* Begin PBXNativeTarget section */
		BE2848D22C00B7D800D5E817 /* SeSac_0524_TravelMagazine */ = {
			isa = PBXNativeTarget;
			buildConfigurationList = BE2848E72C00B7DB00D5E817 /* Build configuration list for PBXNativeTarget "SeSac_0524_TravelMagazine" */;
			buildPhases = (
				BE2848CF2C00B7D800D5E817 /* Sources */,
				BE2848D02C00B7D800D5E817 /* Frameworks */,
				BE2848D12C00B7D800D5E817 /* Resources */,
			);
			buildRules = (
			);
			dependencies = (
			);
			name = SeSac_0524_TravelMagazine;
			packageProductDependencies = (
				BEF281862C05FCFE009EDF7E /* Kingfisher */,
			);
			productName = SeSac_0524_TravelMagazine;
			productReference = BE2848D32C00B7D800D5E817 /* SeSac_0524_TravelMagazine.app */;
			productType = "com.apple.product-type.application";
		};
/* End PBXNativeTarget section */

/* Begin PBXProject section */
		BE2848CB2C00B7D800D5E817 /* Project object */ = {
			isa = PBXProject;
			attributes = {
				BuildIndependentTargetsInParallel = 1;
				LastSwiftUpdateCheck = 1540;
				LastUpgradeCheck = 1540;
				TargetAttributes = {
					BE2848D22C00B7D800D5E817 = {
						CreatedOnToolsVersion = 15.4;
					};
				};
			};
			buildConfigurationList = BE2848CE2C00B7D800D5E817 /* Build configuration list for PBXProject "SeSac_0524_TravelMagazine" */;
			compatibilityVersion = "Xcode 14.0";
			developmentRegion = en;
			hasScannedForEncodings = 0;
			knownRegions = (
				en,
				Base,
			);
			mainGroup = BE2848CA2C00B7D800D5E817;
			packageReferences = (
				BEF281852C05FCFE009EDF7E /* XCRemoteSwiftPackageReference "Kingfisher" */,
			);
			productRefGroup = BE2848D42C00B7D800D5E817 /* Products */;
			projectDirPath = "";
			projectRoot = "";
			targets = (
				BE2848D22C00B7D800D5E817 /* SeSac_0524_TravelMagazine */,
			);
		};
/* End PBXProject section */

/* Begin PBXResourcesBuildPhase section */
		BE2848D12C00B7D800D5E817 /* Resources */ = {
			isa = PBXResourcesBuildPhase;
			buildActionMask = 2147483647;
			files = (
				BE2848E02C00B7DB00D5E817 /* Assets.xcassets in Resources */,
				BE8B34C92C04A040002F7020 /* TravelTableViewADCell.xib in Resources */,
				BE2848E32C00B7DB00D5E817 /* Base in Resources */,
				BE2848DE2C00B7D800D5E817 /* Base in Resources */,
				BED704502C0756EA00159680 /* TravelTableViewItemCell.xib in Resources */,
			);
			runOnlyForDeploymentPostprocessing = 0;
		};
/* End PBXResourcesBuildPhase section */

/* Begin PBXSourcesBuildPhase section */
		BE2848CF2C00B7D800D5E817 /* Sources */ = {
			isa = PBXSourcesBuildPhase;
			buildActionMask = 2147483647;
			files = (
				BE2848DB2C00B7D800D5E817 /* MagazineViewController.swift in Sources */,
				BED7044E2C0737FD00159680 /* ADViewController.swift in Sources */,
				BED704572C0762C000159680 /* CityTableViewCell.swift in Sources */,
				BEF281802C05DFDC009EDF7E /* ReuseIdentifiable.swift in Sources */,
				BED704522C07609E00159680 /* City.swift in Sources */,
				BEA3B55E2C0C06F0004383BB /* ChatRoomViewController.swift in Sources */,
				BE2848ED2C00B85C00D5E817 /* Magazine.swift in Sources */,
				BE2849182C00C26400D5E817 /* Restaurant.swift in Sources */,
				BEA3B56E2C0C98F3004383BB /* ChatRoomTableViewCell.swift in Sources */,
				BEA3B5662C0C95A6004383BB /* User.swift in Sources */,
				BE8B34C82C04A040002F7020 /* TravelTableViewADCell.swift in Sources */,
				BE8B34BD2C0465B9002F7020 /* UIViewController+.swift in Sources */,
				BE2848F22C00C08400D5E817 /* MagazineTableViewCell.swift in Sources */,
				BED704552C07627F00159680 /* CityViewController.swift in Sources */,
				BE8B34C12C049F50002F7020 /* TravelViewController.swift in Sources */,
				BED7044C2C07374800159680 /* TravelDetailViewController.swift in Sources */,
				BEA3B56C2C0C967E004383BB /* ChatRoomTVTrailingCell.swift in Sources */,
				BEC30A252C087F9600501151 /* CLLocationCoordinate2D+.swift in Sources */,
				BEA3B56A2C0C9657004383BB /* ChatRoomTVLeadingCell.swift in Sources */,
				BECE59A12C0611A100CFC442 /* DateFormat.swift in Sources */,
				BE28491A2C00C48800D5E817 /* RestaurantListViewController.swift in Sources */,
				BE2848D72C00B7D800D5E817 /* AppDelegate.swift in Sources */,
				BE8B34C42C04A020002F7020 /* TravelTableViewItemCell.swift in Sources */,
				BE2AFB1A2C4A680600C6718C /* ChatListCollectionView.swift in Sources */,
				BEA3B55C2C0C06A4004383BB /* ChatListViewController.swift in Sources */,
				BEC30A232C086FE400501151 /* MapViewController.swift in Sources */,
				BE28491C2C00C4E300D5E817 /* RestaurantTableViewCell.swift in Sources */,
				BEA3B5602C0C07A0004383BB /* Chat.swift in Sources */,
				BEC30A282C08D39100501151 /* Categorizable.swift in Sources */,
				BE8B34BF2C049E9D002F7020 /* Travel.swift in Sources */,
				BEA3B5682C0C95CB004383BB /* ChatRoom.swift in Sources */,
				BEA3B5642C0C90BB004383BB /* Searchable.swift in Sources */,
				BECE59952C0600D200CFC442 /* TravelTableViewCell.swift in Sources */,
				BE2848D92C00B7D800D5E817 /* SceneDelegate.swift in Sources */,
			);
			runOnlyForDeploymentPostprocessing = 0;
		};
/* End PBXSourcesBuildPhase section */

/* Begin PBXVariantGroup section */
		BE2848DC2C00B7D800D5E817 /* Main.storyboard */ = {
			isa = PBXVariantGroup;
			children = (
				BE2848DD2C00B7D800D5E817 /* Base */,
			);
			name = Main.storyboard;
			sourceTree = "<group>";
		};
		BE2848E12C00B7DB00D5E817 /* LaunchScreen.storyboard */ = {
			isa = PBXVariantGroup;
			children = (
				BE2848E22C00B7DB00D5E817 /* Base */,
			);
			name = LaunchScreen.storyboard;
			sourceTree = "<group>";
		};
/* End PBXVariantGroup section */

/* Begin XCBuildConfiguration section */
		BE2848E52C00B7DB00D5E817 /* Debug */ = {
			isa = XCBuildConfiguration;
			buildSettings = {
				ALWAYS_SEARCH_USER_PATHS = NO;
				ASSETCATALOG_COMPILER_GENERATE_SWIFT_ASSET_SYMBOL_EXTENSIONS = YES;
				CLANG_ANALYZER_NONNULL = YES;
				CLANG_ANALYZER_NUMBER_OBJECT_CONVERSION = YES_AGGRESSIVE;
				CLANG_CXX_LANGUAGE_STANDARD = "gnu++20";
				CLANG_ENABLE_MODULES = YES;
				CLANG_ENABLE_OBJC_ARC = YES;
				CLANG_ENABLE_OBJC_WEAK = YES;
				CLANG_WARN_BLOCK_CAPTURE_AUTORELEASING = YES;
				CLANG_WARN_BOOL_CONVERSION = YES;
				CLANG_WARN_COMMA = YES;
				CLANG_WARN_CONSTANT_CONVERSION = YES;
				CLANG_WARN_DEPRECATED_OBJC_IMPLEMENTATIONS = YES;
				CLANG_WARN_DIRECT_OBJC_ISA_USAGE = YES_ERROR;
				CLANG_WARN_DOCUMENTATION_COMMENTS = YES;
				CLANG_WARN_EMPTY_BODY = YES;
				CLANG_WARN_ENUM_CONVERSION = YES;
				CLANG_WARN_INFINITE_RECURSION = YES;
				CLANG_WARN_INT_CONVERSION = YES;
				CLANG_WARN_NON_LITERAL_NULL_CONVERSION = YES;
				CLANG_WARN_OBJC_IMPLICIT_RETAIN_SELF = YES;
				CLANG_WARN_OBJC_LITERAL_CONVERSION = YES;
				CLANG_WARN_OBJC_ROOT_CLASS = YES_ERROR;
				CLANG_WARN_QUOTED_INCLUDE_IN_FRAMEWORK_HEADER = YES;
				CLANG_WARN_RANGE_LOOP_ANALYSIS = YES;
				CLANG_WARN_STRICT_PROTOTYPES = YES;
				CLANG_WARN_SUSPICIOUS_MOVE = YES;
				CLANG_WARN_UNGUARDED_AVAILABILITY = YES_AGGRESSIVE;
				CLANG_WARN_UNREACHABLE_CODE = YES;
				CLANG_WARN__DUPLICATE_METHOD_MATCH = YES;
				COPY_PHASE_STRIP = NO;
				DEBUG_INFORMATION_FORMAT = dwarf;
				ENABLE_STRICT_OBJC_MSGSEND = YES;
				ENABLE_TESTABILITY = YES;
				ENABLE_USER_SCRIPT_SANDBOXING = YES;
				GCC_C_LANGUAGE_STANDARD = gnu17;
				GCC_DYNAMIC_NO_PIC = NO;
				GCC_NO_COMMON_BLOCKS = YES;
				GCC_OPTIMIZATION_LEVEL = 0;
				GCC_PREPROCESSOR_DEFINITIONS = (
					"DEBUG=1",
					"$(inherited)",
				);
				GCC_WARN_64_TO_32_BIT_CONVERSION = YES;
				GCC_WARN_ABOUT_RETURN_TYPE = YES_ERROR;
				GCC_WARN_UNDECLARED_SELECTOR = YES;
				GCC_WARN_UNINITIALIZED_AUTOS = YES_AGGRESSIVE;
				GCC_WARN_UNUSED_FUNCTION = YES;
				GCC_WARN_UNUSED_VARIABLE = YES;
				IPHONEOS_DEPLOYMENT_TARGET = 17.5;
				LOCALIZATION_PREFERS_STRING_CATALOGS = YES;
				MTL_ENABLE_DEBUG_INFO = INCLUDE_SOURCE;
				MTL_FAST_MATH = YES;
				ONLY_ACTIVE_ARCH = YES;
				SDKROOT = iphoneos;
				SWIFT_ACTIVE_COMPILATION_CONDITIONS = "DEBUG $(inherited)";
				SWIFT_OPTIMIZATION_LEVEL = "-Onone";
			};
			name = Debug;
		};
		BE2848E62C00B7DB00D5E817 /* Release */ = {
			isa = XCBuildConfiguration;
			buildSettings = {
				ALWAYS_SEARCH_USER_PATHS = NO;
				ASSETCATALOG_COMPILER_GENERATE_SWIFT_ASSET_SYMBOL_EXTENSIONS = YES;
				CLANG_ANALYZER_NONNULL = YES;
				CLANG_ANALYZER_NUMBER_OBJECT_CONVERSION = YES_AGGRESSIVE;
				CLANG_CXX_LANGUAGE_STANDARD = "gnu++20";
				CLANG_ENABLE_MODULES = YES;
				CLANG_ENABLE_OBJC_ARC = YES;
				CLANG_ENABLE_OBJC_WEAK = YES;
				CLANG_WARN_BLOCK_CAPTURE_AUTORELEASING = YES;
				CLANG_WARN_BOOL_CONVERSION = YES;
				CLANG_WARN_COMMA = YES;
				CLANG_WARN_CONSTANT_CONVERSION = YES;
				CLANG_WARN_DEPRECATED_OBJC_IMPLEMENTATIONS = YES;
				CLANG_WARN_DIRECT_OBJC_ISA_USAGE = YES_ERROR;
				CLANG_WARN_DOCUMENTATION_COMMENTS = YES;
				CLANG_WARN_EMPTY_BODY = YES;
				CLANG_WARN_ENUM_CONVERSION = YES;
				CLANG_WARN_INFINITE_RECURSION = YES;
				CLANG_WARN_INT_CONVERSION = YES;
				CLANG_WARN_NON_LITERAL_NULL_CONVERSION = YES;
				CLANG_WARN_OBJC_IMPLICIT_RETAIN_SELF = YES;
				CLANG_WARN_OBJC_LITERAL_CONVERSION = YES;
				CLANG_WARN_OBJC_ROOT_CLASS = YES_ERROR;
				CLANG_WARN_QUOTED_INCLUDE_IN_FRAMEWORK_HEADER = YES;
				CLANG_WARN_RANGE_LOOP_ANALYSIS = YES;
				CLANG_WARN_STRICT_PROTOTYPES = YES;
				CLANG_WARN_SUSPICIOUS_MOVE = YES;
				CLANG_WARN_UNGUARDED_AVAILABILITY = YES_AGGRESSIVE;
				CLANG_WARN_UNREACHABLE_CODE = YES;
				CLANG_WARN__DUPLICATE_METHOD_MATCH = YES;
				COPY_PHASE_STRIP = NO;
				DEBUG_INFORMATION_FORMAT = "dwarf-with-dsym";
				ENABLE_NS_ASSERTIONS = NO;
				ENABLE_STRICT_OBJC_MSGSEND = YES;
				ENABLE_USER_SCRIPT_SANDBOXING = YES;
				GCC_C_LANGUAGE_STANDARD = gnu17;
				GCC_NO_COMMON_BLOCKS = YES;
				GCC_WARN_64_TO_32_BIT_CONVERSION = YES;
				GCC_WARN_ABOUT_RETURN_TYPE = YES_ERROR;
				GCC_WARN_UNDECLARED_SELECTOR = YES;
				GCC_WARN_UNINITIALIZED_AUTOS = YES_AGGRESSIVE;
				GCC_WARN_UNUSED_FUNCTION = YES;
				GCC_WARN_UNUSED_VARIABLE = YES;
				IPHONEOS_DEPLOYMENT_TARGET = 17.5;
				LOCALIZATION_PREFERS_STRING_CATALOGS = YES;
				MTL_ENABLE_DEBUG_INFO = NO;
				MTL_FAST_MATH = YES;
				SDKROOT = iphoneos;
				SWIFT_COMPILATION_MODE = wholemodule;
				VALIDATE_PRODUCT = YES;
			};
			name = Release;
		};
		BE2848E82C00B7DB00D5E817 /* Debug */ = {
			isa = XCBuildConfiguration;
			buildSettings = {
				ASSETCATALOG_COMPILER_APPICON_NAME = AppIcon;
				ASSETCATALOG_COMPILER_GLOBAL_ACCENT_COLOR_NAME = AccentColor;
				CODE_SIGN_STYLE = Automatic;
				CURRENT_PROJECT_VERSION = 1;
				DEVELOPMENT_TEAM = ASU4PNB5MG;
				GENERATE_INFOPLIST_FILE = YES;
				INFOPLIST_FILE = SeSac_0524_TravelMagazine/Resources/Info.plist;
				INFOPLIST_KEY_UIApplicationSupportsIndirectInputEvents = YES;
				INFOPLIST_KEY_UILaunchStoryboardName = Resources/LaunchScreen;
				INFOPLIST_KEY_UIMainStoryboardFile = Main;
				INFOPLIST_KEY_UISupportedInterfaceOrientations_iPad = "UIInterfaceOrientationPortrait UIInterfaceOrientationPortraitUpsideDown UIInterfaceOrientationLandscapeLeft UIInterfaceOrientationLandscapeRight";
				INFOPLIST_KEY_UISupportedInterfaceOrientations_iPhone = "UIInterfaceOrientationPortrait UIInterfaceOrientationLandscapeLeft UIInterfaceOrientationLandscapeRight";
				LD_RUNPATH_SEARCH_PATHS = (
					"$(inherited)",
					"@executable_path/Frameworks",
				);
				MARKETING_VERSION = 1.0;
				PRODUCT_BUNDLE_IDENTIFIER = "com.geonseobkim.SeSac-0524-TravelMagazine";
				PRODUCT_NAME = "$(TARGET_NAME)";
				SWIFT_EMIT_LOC_STRINGS = YES;
				SWIFT_VERSION = 5.0;
				TARGETED_DEVICE_FAMILY = "1,2";
			};
			name = Debug;
		};
		BE2848E92C00B7DB00D5E817 /* Release */ = {
			isa = XCBuildConfiguration;
			buildSettings = {
				ASSETCATALOG_COMPILER_APPICON_NAME = AppIcon;
				ASSETCATALOG_COMPILER_GLOBAL_ACCENT_COLOR_NAME = AccentColor;
				CODE_SIGN_STYLE = Automatic;
				CURRENT_PROJECT_VERSION = 1;
				DEVELOPMENT_TEAM = ASU4PNB5MG;
				GENERATE_INFOPLIST_FILE = YES;
				INFOPLIST_FILE = SeSac_0524_TravelMagazine/Resources/Info.plist;
				INFOPLIST_KEY_UIApplicationSupportsIndirectInputEvents = YES;
				INFOPLIST_KEY_UILaunchStoryboardName = Resources/LaunchScreen;
				INFOPLIST_KEY_UIMainStoryboardFile = Main;
				INFOPLIST_KEY_UISupportedInterfaceOrientations_iPad = "UIInterfaceOrientationPortrait UIInterfaceOrientationPortraitUpsideDown UIInterfaceOrientationLandscapeLeft UIInterfaceOrientationLandscapeRight";
				INFOPLIST_KEY_UISupportedInterfaceOrientations_iPhone = "UIInterfaceOrientationPortrait UIInterfaceOrientationLandscapeLeft UIInterfaceOrientationLandscapeRight";
				LD_RUNPATH_SEARCH_PATHS = (
					"$(inherited)",
					"@executable_path/Frameworks",
				);
				MARKETING_VERSION = 1.0;
				PRODUCT_BUNDLE_IDENTIFIER = "com.geonseobkim.SeSac-0524-TravelMagazine";
				PRODUCT_NAME = "$(TARGET_NAME)";
				SWIFT_EMIT_LOC_STRINGS = YES;
				SWIFT_VERSION = 5.0;
				TARGETED_DEVICE_FAMILY = "1,2";
			};
			name = Release;
		};
/* End XCBuildConfiguration section */

/* Begin XCConfigurationList section */
		BE2848CE2C00B7D800D5E817 /* Build configuration list for PBXProject "SeSac_0524_TravelMagazine" */ = {
			isa = XCConfigurationList;
			buildConfigurations = (
				BE2848E52C00B7DB00D5E817 /* Debug */,
				BE2848E62C00B7DB00D5E817 /* Release */,
			);
			defaultConfigurationIsVisible = 0;
			defaultConfigurationName = Release;
		};
		BE2848E72C00B7DB00D5E817 /* Build configuration list for PBXNativeTarget "SeSac_0524_TravelMagazine" */ = {
			isa = XCConfigurationList;
			buildConfigurations = (
				BE2848E82C00B7DB00D5E817 /* Debug */,
				BE2848E92C00B7DB00D5E817 /* Release */,
			);
			defaultConfigurationIsVisible = 0;
			defaultConfigurationName = Release;
		};
/* End XCConfigurationList section */

/* Begin XCRemoteSwiftPackageReference section */
		BEF281852C05FCFE009EDF7E /* XCRemoteSwiftPackageReference "Kingfisher" */ = {
			isa = XCRemoteSwiftPackageReference;
			repositoryURL = "https://github.com/onevcat/Kingfisher";
			requirement = {
				kind = upToNextMajorVersion;
				minimumVersion = 7.11.0;
			};
		};
/* End XCRemoteSwiftPackageReference section */

/* Begin XCSwiftPackageProductDependency section */
		BEF281862C05FCFE009EDF7E /* Kingfisher */ = {
			isa = XCSwiftPackageProductDependency;
			package = BEF281852C05FCFE009EDF7E /* XCRemoteSwiftPackageReference "Kingfisher" */;
			productName = Kingfisher;
		};
/* End XCSwiftPackageProductDependency section */
	};
	rootObject = BE2848CB2C00B7D800D5E817 /* Project object */;
}
